
Microsoft Visual Studio Solution File, Format Version 12.00
# Visual Studio Version 17
VisualStudioVersion = 17.0.31903.59
MinimumVisualStudioVersion = 10.0.40219.1
Project("{2150E333-8FDC-42A3-9474-1A3956D46DE8}") = "src", "src", "{E1AD9667-4C40-4CAF-8096-5FA749EBB2B1}"
EndProject
Project("{FAE04EC0-301F-11D3-BF4B-00C04F79EFBC}") = "DataAggregator.Shared", "src\DataAggregator.Shared\DataAggregator.Shared.csproj", "{4DA834BA-134A-4F58-B6FF-FF0820FB9FA9}"
EndProject
Project("{FAE04EC0-301F-11D3-BF4B-00C04F79EFBC}") = "DataAggregator.Collector.App", "src\DataAggregator.Collector\DataAggregator.Collector.App.csproj", "{54E71A40-291A-4FEB-9E13-1545172AF9EE}"
EndProject
Project("{FAE04EC0-301F-11D3-BF4B-00C04F79EFBC}") = "DataAggregator.Registration", "src\DataAggregator.Registration\DataAggregator.Registration.csproj", "{E593EA7B-F713-4444-AE40-FDCEF462660A}"
EndProject
Project("{2150E333-8FDC-42A3-9474-1A3956D46DE8}") = "tests", "tests", "{247EF7A2-1DFD-4B51-AC7D-0FD13827CAC2}"
EndProject
Project("{FAE04EC0-301F-11D3-BF4B-00C04F79EFBC}") = "DataAggregator.Collector.Tests", "tests\DataAggregator.Collector.Tests\DataAggregator.Collector.Tests.csproj", "{63D70F2C-9C7D-4397-8150-37F343949530}"
EndProject
Project("{FAE04EC0-301F-11D3-BF4B-00C04F79EFBC}") = "DataAggregator.Registration.Tests", "tests\DataAggregator.Registration.Tests\DataAggregator.Registration.Tests.csproj", "{FB0B4F80-5801-407F-8425-54069C93DB60}"
EndProject
Project("{2150E333-8FDC-42A3-9474-1A3956D46DE8}") = "Solution Items", "Solution Items", "{02EA681E-C7D8-13C7-8484-4AC65E1B71E8}"
	ProjectSection(SolutionItems) = preProject
		.editorconfig = .editorconfig
		Directory.Build.Props = Directory.Build.Props
		stylecop.json = stylecop.json
	EndProjectSection
EndProject
Project("{2150E333-8FDC-42A3-9474-1A3956D46DE8}") = "collector", "collector", "{95F8787D-6FE2-4173-8450-6762EA6FAE1F}"
EndProject
Project("{2150E333-8FDC-42A3-9474-1A3956D46DE8}") = "registration", "registration", "{AA521B32-6E75-46BD-ABDF-0450227A94C4}"
EndProject
Project("{2150E333-8FDC-42A3-9474-1A3956D46DE8}") = "connectors", "connectors", "{F5250AC4-9CCC-432B-8725-DAC6AE01CCF0}"
EndProject
Project("{FAE04EC0-301F-11D3-BF4B-00C04F79EFBC}") = "DataAggregator.Collector.Shared", "src\DataAggregator.Collector.Shared\DataAggregator.Collector.Shared.csproj", "{4A5708E5-B5D1-4DA4-A2E4-323D3A21B182}"
EndProject
Project("{FAE04EC0-301F-11D3-BF4B-00C04F79EFBC}") = "DataAggregator.Collector.OpenCNCapnProtoConnector", "src\DataAggregator.Collector.OpenCNCapnProtoConnector\DataAggregator.Collector.OpenCNCapnProtoConnector.csproj", "{2C10378E-0937-40E3-940E-F236F6E8B95B}"
EndProject
Project("{FAE04EC0-301F-11D3-BF4B-00C04F79EFBC}") = "DataAggregator.Processor", "src\DataAggregator.Processor\DataAggregator.Processor.csproj", "{039EC00D-5EDF-4C48-B449-29CFB6750232}"
EndProject
Project("{2150E333-8FDC-42A3-9474-1A3956D46DE8}") = "processor", "processor", "{EB9A5576-3E00-4007-8C72-2235E0A1546D}"
EndProject
Project("{FAE04EC0-301F-11D3-BF4B-00C04F79EFBC}") = "DataAggregator.Processor.Tests", "tests\DataAggregator.Processor.Tests\DataAggregator.Processor.Tests.csproj", "{EFE47FE6-F41E-CDD6-0991-472080AD88B0}"
EndProject
Project("{FAE04EC0-301F-11D3-BF4B-00C04F79EFBC}") = "DataAggregator.Collector.FileCollector", "DataAggregator.Collector.FileCollector\DataAggregator.Collector.FileCollector.csproj", "{D72B893B-E69F-44A4-8747-6967CF3BA3BE}"
EndProject
Global
	GlobalSection(SolutionConfigurationPlatforms) = preSolution
		Debug|Any CPU = Debug|Any CPU
		Debug|x64 = Debug|x64
		Debug|x86 = Debug|x86
		Release|Any CPU = Release|Any CPU
		Release|x64 = Release|x64
		Release|x86 = Release|x86
	EndGlobalSection
	GlobalSection(ProjectConfigurationPlatforms) = postSolution
		{4DA834BA-134A-4F58-B6FF-FF0820FB9FA9}.Debug|Any CPU.ActiveCfg = Debug|Any CPU
		{4DA834BA-134A-4F58-B6FF-FF0820FB9FA9}.Debug|Any CPU.Build.0 = Debug|Any CPU
		{4DA834BA-134A-4F58-B6FF-FF0820FB9FA9}.Debug|x64.ActiveCfg = Debug|x64
		{4DA834BA-134A-4F58-B6FF-FF0820FB9FA9}.Debug|x64.Build.0 = Debug|x64
		{4DA834BA-134A-4F58-B6FF-FF0820FB9FA9}.Debug|x86.ActiveCfg = Debug|x86
		{4DA834BA-134A-4F58-B6FF-FF0820FB9FA9}.Debug|x86.Build.0 = Debug|x86
		{4DA834BA-134A-4F58-B6FF-FF0820FB9FA9}.Release|Any CPU.ActiveCfg = Release|Any CPU
		{4DA834BA-134A-4F58-B6FF-FF0820FB9FA9}.Release|Any CPU.Build.0 = Release|Any CPU
		{4DA834BA-134A-4F58-B6FF-FF0820FB9FA9}.Release|x64.ActiveCfg = Release|x64
		{4DA834BA-134A-4F58-B6FF-FF0820FB9FA9}.Release|x64.Build.0 = Release|x64
		{4DA834BA-134A-4F58-B6FF-FF0820FB9FA9}.Release|x86.ActiveCfg = Release|x86
		{4DA834BA-134A-4F58-B6FF-FF0820FB9FA9}.Release|x86.Build.0 = Release|x86
		{54E71A40-291A-4FEB-9E13-1545172AF9EE}.Debug|Any CPU.ActiveCfg = Debug|Any CPU
		{54E71A40-291A-4FEB-9E13-1545172AF9EE}.Debug|Any CPU.Build.0 = Debug|Any CPU
		{54E71A40-291A-4FEB-9E13-1545172AF9EE}.Debug|x64.ActiveCfg = Debug|x64
		{54E71A40-291A-4FEB-9E13-1545172AF9EE}.Debug|x64.Build.0 = Debug|x64
		{54E71A40-291A-4FEB-9E13-1545172AF9EE}.Debug|x86.ActiveCfg = Debug|x86
		{54E71A40-291A-4FEB-9E13-1545172AF9EE}.Debug|x86.Build.0 = Debug|x86
		{54E71A40-291A-4FEB-9E13-1545172AF9EE}.Release|Any CPU.ActiveCfg = Release|Any CPU
		{54E71A40-291A-4FEB-9E13-1545172AF9EE}.Release|Any CPU.Build.0 = Release|Any CPU
		{54E71A40-291A-4FEB-9E13-1545172AF9EE}.Release|x64.ActiveCfg = Release|x64
		{54E71A40-291A-4FEB-9E13-1545172AF9EE}.Release|x64.Build.0 = Release|x64
		{54E71A40-291A-4FEB-9E13-1545172AF9EE}.Release|x86.ActiveCfg = Release|x86
		{54E71A40-291A-4FEB-9E13-1545172AF9EE}.Release|x86.Build.0 = Release|x86
		{E593EA7B-F713-4444-AE40-FDCEF462660A}.Debug|Any CPU.ActiveCfg = Debug|Any CPU
		{E593EA7B-F713-4444-AE40-FDCEF462660A}.Debug|Any CPU.Build.0 = Debug|Any CPU
		{E593EA7B-F713-4444-AE40-FDCEF462660A}.Debug|x64.ActiveCfg = Debug|x64
		{E593EA7B-F713-4444-AE40-FDCEF462660A}.Debug|x64.Build.0 = Debug|x64
		{E593EA7B-F713-4444-AE40-FDCEF462660A}.Debug|x86.ActiveCfg = Debug|x86
		{E593EA7B-F713-4444-AE40-FDCEF462660A}.Debug|x86.Build.0 = Debug|x86
		{E593EA7B-F713-4444-AE40-FDCEF462660A}.Release|Any CPU.ActiveCfg = Release|Any CPU
		{E593EA7B-F713-4444-AE40-FDCEF462660A}.Release|Any CPU.Build.0 = Release|Any CPU
		{E593EA7B-F713-4444-AE40-FDCEF462660A}.Release|x64.ActiveCfg = Release|x64
		{E593EA7B-F713-4444-AE40-FDCEF462660A}.Release|x64.Build.0 = Release|x64
		{E593EA7B-F713-4444-AE40-FDCEF462660A}.Release|x86.ActiveCfg = Release|x86
		{E593EA7B-F713-4444-AE40-FDCEF462660A}.Release|x86.Build.0 = Release|x86
		{63D70F2C-9C7D-4397-8150-37F343949530}.Debug|Any CPU.ActiveCfg = Debug|Any CPU
		{63D70F2C-9C7D-4397-8150-37F343949530}.Debug|Any CPU.Build.0 = Debug|Any CPU
		{63D70F2C-9C7D-4397-8150-37F343949530}.Debug|x64.ActiveCfg = Debug|x64
		{63D70F2C-9C7D-4397-8150-37F343949530}.Debug|x64.Build.0 = Debug|x64
		{63D70F2C-9C7D-4397-8150-37F343949530}.Debug|x86.ActiveCfg = Debug|x86
		{63D70F2C-9C7D-4397-8150-37F343949530}.Debug|x86.Build.0 = Debug|x86
		{63D70F2C-9C7D-4397-8150-37F343949530}.Release|Any CPU.ActiveCfg = Release|Any CPU
		{63D70F2C-9C7D-4397-8150-37F343949530}.Release|Any CPU.Build.0 = Release|Any CPU
		{63D70F2C-9C7D-4397-8150-37F343949530}.Release|x64.ActiveCfg = Release|x64
		{63D70F2C-9C7D-4397-8150-37F343949530}.Release|x64.Build.0 = Release|x64
		{63D70F2C-9C7D-4397-8150-37F343949530}.Release|x86.ActiveCfg = Release|x86
		{63D70F2C-9C7D-4397-8150-37F343949530}.Release|x86.Build.0 = Release|x86
		{FB0B4F80-5801-407F-8425-54069C93DB60}.Debug|Any CPU.ActiveCfg = Debug|Any CPU
		{FB0B4F80-5801-407F-8425-54069C93DB60}.Debug|Any CPU.Build.0 = Debug|Any CPU
		{FB0B4F80-5801-407F-8425-54069C93DB60}.Debug|x64.ActiveCfg = Debug|x64
		{FB0B4F80-5801-407F-8425-54069C93DB60}.Debug|x64.Build.0 = Debug|x64
		{FB0B4F80-5801-407F-8425-54069C93DB60}.Debug|x86.ActiveCfg = Debug|x86
		{FB0B4F80-5801-407F-8425-54069C93DB60}.Debug|x86.Build.0 = Debug|x86
		{FB0B4F80-5801-407F-8425-54069C93DB60}.Release|Any CPU.ActiveCfg = Release|Any CPU
		{FB0B4F80-5801-407F-8425-54069C93DB60}.Release|Any CPU.Build.0 = Release|Any CPU
		{FB0B4F80-5801-407F-8425-54069C93DB60}.Release|x64.ActiveCfg = Release|x64
		{FB0B4F80-5801-407F-8425-54069C93DB60}.Release|x64.Build.0 = Release|x64
		{FB0B4F80-5801-407F-8425-54069C93DB60}.Release|x86.ActiveCfg = Release|x86
		{FB0B4F80-5801-407F-8425-54069C93DB60}.Release|x86.Build.0 = Release|x86
		{4A5708E5-B5D1-4DA4-A2E4-323D3A21B182}.Debug|Any CPU.ActiveCfg = Debug|Any CPU
		{4A5708E5-B5D1-4DA4-A2E4-323D3A21B182}.Debug|Any CPU.Build.0 = Debug|Any CPU
		{4A5708E5-B5D1-4DA4-A2E4-323D3A21B182}.Debug|x64.ActiveCfg = Debug|x64
		{4A5708E5-B5D1-4DA4-A2E4-323D3A21B182}.Debug|x64.Build.0 = Debug|x64
		{4A5708E5-B5D1-4DA4-A2E4-323D3A21B182}.Debug|x86.ActiveCfg = Debug|x86
		{4A5708E5-B5D1-4DA4-A2E4-323D3A21B182}.Debug|x86.Build.0 = Debug|x86
		{4A5708E5-B5D1-4DA4-A2E4-323D3A21B182}.Release|Any CPU.ActiveCfg = Release|Any CPU
		{4A5708E5-B5D1-4DA4-A2E4-323D3A21B182}.Release|Any CPU.Build.0 = Release|Any CPU
		{4A5708E5-B5D1-4DA4-A2E4-323D3A21B182}.Release|x64.ActiveCfg = Release|x64
		{4A5708E5-B5D1-4DA4-A2E4-323D3A21B182}.Release|x64.Build.0 = Release|x64
		{4A5708E5-B5D1-4DA4-A2E4-323D3A21B182}.Release|x86.ActiveCfg = Release|x86
		{4A5708E5-B5D1-4DA4-A2E4-323D3A21B182}.Release|x86.Build.0 = Release|x86
		{2C10378E-0937-40E3-940E-F236F6E8B95B}.Debug|Any CPU.ActiveCfg = Debug|Any CPU
		{2C10378E-0937-40E3-940E-F236F6E8B95B}.Debug|Any CPU.Build.0 = Debug|Any CPU
		{2C10378E-0937-40E3-940E-F236F6E8B95B}.Debug|x64.ActiveCfg = Debug|x64
		{2C10378E-0937-40E3-940E-F236F6E8B95B}.Debug|x64.Build.0 = Debug|x64
		{2C10378E-0937-40E3-940E-F236F6E8B95B}.Debug|x86.ActiveCfg = Debug|x86
		{2C10378E-0937-40E3-940E-F236F6E8B95B}.Debug|x86.Build.0 = Debug|x86
		{2C10378E-0937-40E3-940E-F236F6E8B95B}.Release|Any CPU.ActiveCfg = Release|Any CPU
		{2C10378E-0937-40E3-940E-F236F6E8B95B}.Release|Any CPU.Build.0 = Release|Any CPU
		{2C10378E-0937-40E3-940E-F236F6E8B95B}.Release|x64.ActiveCfg = Release|x64
		{2C10378E-0937-40E3-940E-F236F6E8B95B}.Release|x64.Build.0 = Release|x64
		{2C10378E-0937-40E3-940E-F236F6E8B95B}.Release|x86.ActiveCfg = Release|x86
		{2C10378E-0937-40E3-940E-F236F6E8B95B}.Release|x86.Build.0 = Release|x86
		{039EC00D-5EDF-4C48-B449-29CFB6750232}.Debug|Any CPU.ActiveCfg = Debug|Any CPU
		{039EC00D-5EDF-4C48-B449-29CFB6750232}.Debug|Any CPU.Build.0 = Debug|Any CPU
		{039EC00D-5EDF-4C48-B449-29CFB6750232}.Debug|x64.ActiveCfg = Debug|x64
		{039EC00D-5EDF-4C48-B449-29CFB6750232}.Debug|x64.Build.0 = Debug|x64
		{039EC00D-5EDF-4C48-B449-29CFB6750232}.Debug|x86.ActiveCfg = Debug|x86
		{039EC00D-5EDF-4C48-B449-29CFB6750232}.Debug|x86.Build.0 = Debug|x86
		{039EC00D-5EDF-4C48-B449-29CFB6750232}.Release|Any CPU.ActiveCfg = Release|Any CPU
		{039EC00D-5EDF-4C48-B449-29CFB6750232}.Release|Any CPU.Build.0 = Release|Any CPU
		{039EC00D-5EDF-4C48-B449-29CFB6750232}.Release|x64.ActiveCfg = Release|x64
		{039EC00D-5EDF-4C48-B449-29CFB6750232}.Release|x64.Build.0 = Release|x64
		{039EC00D-5EDF-4C48-B449-29CFB6750232}.Release|x86.ActiveCfg = Release|x86
		{039EC00D-5EDF-4C48-B449-29CFB6750232}.Release|x86.Build.0 = Release|x86
		{EFE47FE6-F41E-CDD6-0991-472080AD88B0}.Debug|Any CPU.ActiveCfg = Debug|Any CPU
		{EFE47FE6-F41E-CDD6-0991-472080AD88B0}.Debug|Any CPU.Build.0 = Debug|Any CPU
		{EFE47FE6-F41E-CDD6-0991-472080AD88B0}.Debug|x64.ActiveCfg = Debug|x64
		{EFE47FE6-F41E-CDD6-0991-472080AD88B0}.Debug|x64.Build.0 = Debug|x64
		{EFE47FE6-F41E-CDD6-0991-472080AD88B0}.Debug|x86.ActiveCfg = Debug|x86
		{EFE47FE6-F41E-CDD6-0991-472080AD88B0}.Debug|x86.Build.0 = Debug|x86
		{EFE47FE6-F41E-CDD6-0991-472080AD88B0}.Release|Any CPU.ActiveCfg = Release|Any CPU
		{EFE47FE6-F41E-CDD6-0991-472080AD88B0}.Release|Any CPU.Build.0 = Release|Any CPU
		{EFE47FE6-F41E-CDD6-0991-472080AD88B0}.Release|x64.ActiveCfg = Release|x64
		{EFE47FE6-F41E-CDD6-0991-472080AD88B0}.Release|x64.Build.0 = Release|x64
		{EFE47FE6-F41E-CDD6-0991-472080AD88B0}.Release|x86.ActiveCfg = Release|x86
		{EFE47FE6-F41E-CDD6-0991-472080AD88B0}.Release|x86.Build.0 = Release|x86
		{D72B893B-E69F-44A4-8747-6967CF3BA3BE}.Debug|Any CPU.ActiveCfg = Debug|Any CPU
		{D72B893B-E69F-44A4-8747-6967CF3BA3BE}.Debug|Any CPU.Build.0 = Debug|Any CPU
		{D72B893B-E69F-44A4-8747-6967CF3BA3BE}.Debug|x64.ActiveCfg = Debug|x64
		{D72B893B-E69F-44A4-8747-6967CF3BA3BE}.Debug|x64.Build.0 = Debug|x64
		{D72B893B-E69F-44A4-8747-6967CF3BA3BE}.Debug|x86.ActiveCfg = Debug|x86
		{D72B893B-E69F-44A4-8747-6967CF3BA3BE}.Debug|x86.Build.0 = Debug|x86
		{D72B893B-E69F-44A4-8747-6967CF3BA3BE}.Release|Any CPU.ActiveCfg = Release|Any CPU
		{D72B893B-E69F-44A4-8747-6967CF3BA3BE}.Release|Any CPU.Build.0 = Release|Any CPU
		{D72B893B-E69F-44A4-8747-6967CF3BA3BE}.Release|x64.ActiveCfg = Release|x64
		{D72B893B-E69F-44A4-8747-6967CF3BA3BE}.Release|x64.Build.0 = Release|x64
		{D72B893B-E69F-44A4-8747-6967CF3BA3BE}.Release|x86.ActiveCfg = Release|x86
		{D72B893B-E69F-44A4-8747-6967CF3BA3BE}.Release|x86.Build.0 = Release|x86
	EndGlobalSection
	GlobalSection(SolutionProperties) = preSolution
		HideSolutionNode = FALSE
	EndGlobalSection
	GlobalSection(NestedProjects) = preSolution
		{4DA834BA-134A-4F58-B6FF-FF0820FB9FA9} = {E1AD9667-4C40-4CAF-8096-5FA749EBB2B1}
		{54E71A40-291A-4FEB-9E13-1545172AF9EE} = {95F8787D-6FE2-4173-8450-6762EA6FAE1F}
		{E593EA7B-F713-4444-AE40-FDCEF462660A} = {AA521B32-6E75-46BD-ABDF-0450227A94C4}
		{63D70F2C-9C7D-4397-8150-37F343949530} = {247EF7A2-1DFD-4B51-AC7D-0FD13827CAC2}
		{FB0B4F80-5801-407F-8425-54069C93DB60} = {247EF7A2-1DFD-4B51-AC7D-0FD13827CAC2}
		{95F8787D-6FE2-4173-8450-6762EA6FAE1F} = {E1AD9667-4C40-4CAF-8096-5FA749EBB2B1}
		{AA521B32-6E75-46BD-ABDF-0450227A94C4} = {E1AD9667-4C40-4CAF-8096-5FA749EBB2B1}
		{F5250AC4-9CCC-432B-8725-DAC6AE01CCF0} = {95F8787D-6FE2-4173-8450-6762EA6FAE1F}
		{4A5708E5-B5D1-4DA4-A2E4-323D3A21B182} = {95F8787D-6FE2-4173-8450-6762EA6FAE1F}
		{2C10378E-0937-40E3-940E-F236F6E8B95B} = {F5250AC4-9CCC-432B-8725-DAC6AE01CCF0}
		{039EC00D-5EDF-4C48-B449-29CFB6750232} = {EB9A5576-3E00-4007-8C72-2235E0A1546D}
		{EB9A5576-3E00-4007-8C72-2235E0A1546D} = {E1AD9667-4C40-4CAF-8096-5FA749EBB2B1}
		{EFE47FE6-F41E-CDD6-0991-472080AD88B0} = {247EF7A2-1DFD-4B51-AC7D-0FD13827CAC2}
		{D72B893B-E69F-44A4-8747-6967CF3BA3BE} = {F5250AC4-9CCC-432B-8725-DAC6AE01CCF0}
	EndGlobalSection
	GlobalSection(ExtensibilityGlobals) = postSolution
		SolutionGuid = {9C8E6DBA-9F77-4FD0-9A1D-25150F7806FF}
	EndGlobalSection
EndGlobal
